
Microsoft Visual Studio Solution File, Format Version 12.00
# Visual Studio Version 17
VisualStudioVersion = 17.0.31903.59
MinimumVisualStudioVersion = 10.0.40219.1
Project("{2150E333-8FDC-42A3-9474-1A3956D46DE8}") = "src", "src", "{827E0CD3-B72D-47B6-A68D-7590B98EB39B}"
EndProject
Project("{FAE04EC0-301F-11D3-BF4B-00C04F79EFBC}") = "EmulationServer.Core", "src\EmulationServer.Core\EmulationServer.Core.csproj", "{1D453CD7-DFF0-4064-8CC3-F9996780BC05}"
EndProject
Project("{FAE04EC0-301F-11D3-BF4B-00C04F79EFBC}") = "EmulationServer.Network", "src\EmulationServer.Network\EmulationServer.Network.csproj", "{9578A93A-F476-4C98-A2C2-50E519569F7E}"
EndProject
Project("{FAE04EC0-301F-11D3-BF4B-00C04F79EFBC}") = "EmulationServer.Shared", "src\EmulationServer.Shared\EmulationServer.Shared.csproj", "{B93EFDF5-8239-45F0-BB6D-151D05ACD674}"
EndProject
Project("{FAE04EC0-301F-11D3-BF4B-00C04F79EFBC}") = "EmulationServer.Game", "src\EmulationServer.Game\EmulationServer.Game.csproj", "{B9066B28-CEAB-4101-8720-24A77693F9EC}"
EndProject
Project("{2150E333-8FDC-42A3-9474-1A3956D46DE8}") = "tests", "tests", "{0AB3BF05-4346-4AA6-1389-037BE0695223}"
EndProject
Project("{FAE04EC0-301F-11D3-BF4B-00C04F79EFBC}") = "EmulationServer.Tests", "tests\EmulationServer.Tests\EmulationServer.Tests.csproj", "{60F8CB71-410C-4D10-B935-18E1DEE3A580}"
EndProject
Project("{FAE04EC0-301F-11D3-BF4B-00C04F79EFBC}") = "EmulationServer.Database", "src\EmulationServer.Database\EmulationServer.Database.csproj", "{97E9C7F0-8C18-41E3-B6FA-C192E7D970B5}"
EndProject
Project("{FAE04EC0-301F-11D3-BF4B-00C04F79EFBC}") = "RealmServer", "src\RealmServer\RealmServer.csproj", "{606C7348-873D-4234-87CC-B0000ED36E71}"
EndProject
Project("{FAE04EC0-301F-11D3-BF4B-00C04F79EFBC}") = "ProxyServer", "src\ProxyServer\ProxyServer.csproj", "{A29C826E-4E53-4FAD-9DA6-5D3F16E0C8DE}"
EndProject
Project("{FAE04EC0-301F-11D3-BF4B-00C04F79EFBC}") = "WorldServer", "src\WorldServer\WorldServer.csproj", "{0842C075-928E-4D3F-B1AB-664E0583422F}"
EndProject
Project("{FAE04EC0-301F-11D3-BF4B-00C04F79EFBC}") = "MapServer", "src\MapServer\MapServer.csproj", "{F81B98D0-2D53-48E6-9D0D-D0F37A2C2F1B}"
EndProject
Project("{FAE04EC0-301F-11D3-BF4B-00C04F79EFBC}") = "InstanceServer", "src\InstanceServer\InstanceServer.csproj", "{771B20C6-0F5F-4E0B-B271-0175998D9F5E}"
EndProject
Global
	GlobalSection(SolutionConfigurationPlatforms) = preSolution
		Debug|Any CPU = Debug|Any CPU
		Debug|x64 = Debug|x64
		Debug|x86 = Debug|x86
		Release|Any CPU = Release|Any CPU
		Release|x64 = Release|x64
		Release|x86 = Release|x86
	EndGlobalSection
	GlobalSection(ProjectConfigurationPlatforms) = postSolution
		{1D453CD7-DFF0-4064-8CC3-F9996780BC05}.Debug|Any CPU.ActiveCfg = Debug|Any CPU
		{1D453CD7-DFF0-4064-8CC3-F9996780BC05}.Debug|Any CPU.Build.0 = Debug|Any CPU
		{1D453CD7-DFF0-4064-8CC3-F9996780BC05}.Debug|x64.ActiveCfg = Debug|Any CPU
		{1D453CD7-DFF0-4064-8CC3-F9996780BC05}.Debug|x64.Build.0 = Debug|Any CPU
		{1D453CD7-DFF0-4064-8CC3-F9996780BC05}.Debug|x86.ActiveCfg = Debug|Any CPU
		{1D453CD7-DFF0-4064-8CC3-F9996780BC05}.Debug|x86.Build.0 = Debug|Any CPU
		{1D453CD7-DFF0-4064-8CC3-F9996780BC05}.Release|Any CPU.ActiveCfg = Release|Any CPU
		{1D453CD7-DFF0-4064-8CC3-F9996780BC05}.Release|Any CPU.Build.0 = Release|Any CPU
		{1D453CD7-DFF0-4064-8CC3-F9996780BC05}.Release|x64.ActiveCfg = Release|Any CPU
		{1D453CD7-DFF0-4064-8CC3-F9996780BC05}.Release|x64.Build.0 = Release|Any CPU
		{1D453CD7-DFF0-4064-8CC3-F9996780BC05}.Release|x86.ActiveCfg = Release|Any CPU
		{1D453CD7-DFF0-4064-8CC3-F9996780BC05}.Release|x86.Build.0 = Release|Any CPU
		{9578A93A-F476-4C98-A2C2-50E519569F7E}.Debug|Any CPU.ActiveCfg = Debug|Any CPU
		{9578A93A-F476-4C98-A2C2-50E519569F7E}.Debug|Any CPU.Build.0 = Debug|Any CPU
		{9578A93A-F476-4C98-A2C2-50E519569F7E}.Debug|x64.ActiveCfg = Debug|Any CPU
		{9578A93A-F476-4C98-A2C2-50E519569F7E}.Debug|x64.Build.0 = Debug|Any CPU
		{9578A93A-F476-4C98-A2C2-50E519569F7E}.Debug|x86.ActiveCfg = Debug|Any CPU
		{9578A93A-F476-4C98-A2C2-50E519569F7E}.Debug|x86.Build.0 = Debug|Any CPU
		{9578A93A-F476-4C98-A2C2-50E519569F7E}.Release|Any CPU.ActiveCfg = Release|Any CPU
		{9578A93A-F476-4C98-A2C2-50E519569F7E}.Release|Any CPU.Build.0 = Release|Any CPU
		{9578A93A-F476-4C98-A2C2-50E519569F7E}.Release|x64.ActiveCfg = Release|Any CPU
		{9578A93A-F476-4C98-A2C2-50E519569F7E}.Release|x64.Build.0 = Release|Any CPU
		{9578A93A-F476-4C98-A2C2-50E519569F7E}.Release|x86.ActiveCfg = Release|Any CPU
		{9578A93A-F476-4C98-A2C2-50E519569F7E}.Release|x86.Build.0 = Release|Any CPU
		{B93EFDF5-8239-45F0-BB6D-151D05ACD674}.Debug|Any CPU.ActiveCfg = Debug|Any CPU
		{B93EFDF5-8239-45F0-BB6D-151D05ACD674}.Debug|Any CPU.Build.0 = Debug|Any CPU
		{B93EFDF5-8239-45F0-BB6D-151D05ACD674}.Debug|x64.ActiveCfg = Debug|Any CPU
		{B93EFDF5-8239-45F0-BB6D-151D05ACD674}.Debug|x64.Build.0 = Debug|Any CPU
		{B93EFDF5-8239-45F0-BB6D-151D05ACD674}.Debug|x86.ActiveCfg = Debug|Any CPU
		{B93EFDF5-8239-45F0-BB6D-151D05ACD674}.Debug|x86.Build.0 = Debug|Any CPU
		{B93EFDF5-8239-45F0-BB6D-151D05ACD674}.Release|Any CPU.ActiveCfg = Release|Any CPU
		{B93EFDF5-8239-45F0-BB6D-151D05ACD674}.Release|Any CPU.Build.0 = Release|Any CPU
		{B93EFDF5-8239-45F0-BB6D-151D05ACD674}.Release|x64.ActiveCfg = Release|Any CPU
		{B93EFDF5-8239-45F0-BB6D-151D05ACD674}.Release|x64.Build.0 = Release|Any CPU
		{B93EFDF5-8239-45F0-BB6D-151D05ACD674}.Release|x86.ActiveCfg = Release|Any CPU
		{B93EFDF5-8239-45F0-BB6D-151D05ACD674}.Release|x86.Build.0 = Release|Any CPU
		{B9066B28-CEAB-4101-8720-24A77693F9EC}.Debug|Any CPU.ActiveCfg = Debug|Any CPU
		{B9066B28-CEAB-4101-8720-24A77693F9EC}.Debug|Any CPU.Build.0 = Debug|Any CPU
		{B9066B28-CEAB-4101-8720-24A77693F9EC}.Debug|x64.ActiveCfg = Debug|Any CPU
		{B9066B28-CEAB-4101-8720-24A77693F9EC}.Debug|x64.Build.0 = Debug|Any CPU
		{B9066B28-CEAB-4101-8720-24A77693F9EC}.Debug|x86.ActiveCfg = Debug|Any CPU
		{B9066B28-CEAB-4101-8720-24A77693F9EC}.Debug|x86.Build.0 = Debug|Any CPU
		{B9066B28-CEAB-4101-8720-24A77693F9EC}.Release|Any CPU.ActiveCfg = Release|Any CPU
		{B9066B28-CEAB-4101-8720-24A77693F9EC}.Release|Any CPU.Build.0 = Release|Any CPU
		{B9066B28-CEAB-4101-8720-24A77693F9EC}.Release|x64.ActiveCfg = Release|Any CPU
		{B9066B28-CEAB-4101-8720-24A77693F9EC}.Release|x64.Build.0 = Release|Any CPU
		{B9066B28-CEAB-4101-8720-24A77693F9EC}.Release|x86.ActiveCfg = Release|Any CPU
		{B9066B28-CEAB-4101-8720-24A77693F9EC}.Release|x86.Build.0 = Release|Any CPU
		{60F8CB71-410C-4D10-B935-18E1DEE3A580}.Debug|Any CPU.ActiveCfg = Debug|Any CPU
		{60F8CB71-410C-4D10-B935-18E1DEE3A580}.Debug|Any CPU.Build.0 = Debug|Any CPU
		{60F8CB71-410C-4D10-B935-18E1DEE3A580}.Debug|x64.ActiveCfg = Debug|Any CPU
		{60F8CB71-410C-4D10-B935-18E1DEE3A580}.Debug|x64.Build.0 = Debug|Any CPU
		{60F8CB71-410C-4D10-B935-18E1DEE3A580}.Debug|x86.ActiveCfg = Debug|Any CPU
		{60F8CB71-410C-4D10-B935-18E1DEE3A580}.Debug|x86.Build.0 = Debug|Any CPU
		{60F8CB71-410C-4D10-B935-18E1DEE3A580}.Release|Any CPU.ActiveCfg = Release|Any CPU
		{60F8CB71-410C-4D10-B935-18E1DEE3A580}.Release|Any CPU.Build.0 = Release|Any CPU
		{60F8CB71-410C-4D10-B935-18E1DEE3A580}.Release|x64.ActiveCfg = Release|Any CPU
		{60F8CB71-410C-4D10-B935-18E1DEE3A580}.Release|x64.Build.0 = Release|Any CPU
		{60F8CB71-410C-4D10-B935-18E1DEE3A580}.Release|x86.ActiveCfg = Release|Any CPU
		{60F8CB71-410C-4D10-B935-18E1DEE3A580}.Release|x86.Build.0 = Release|Any CPU
		{97E9C7F0-8C18-41E3-B6FA-C192E7D970B5}.Debug|Any CPU.ActiveCfg = Debug|Any CPU
		{97E9C7F0-8C18-41E3-B6FA-C192E7D970B5}.Debug|Any CPU.Build.0 = Debug|Any CPU
		{97E9C7F0-8C18-41E3-B6FA-C192E7D970B5}.Debug|x64.ActiveCfg = Debug|Any CPU
		{97E9C7F0-8C18-41E3-B6FA-C192E7D970B5}.Debug|x64.Build.0 = Debug|Any CPU
		{97E9C7F0-8C18-41E3-B6FA-C192E7D970B5}.Debug|x86.ActiveCfg = Debug|Any CPU
		{97E9C7F0-8C18-41E3-B6FA-C192E7D970B5}.Debug|x86.Build.0 = Debug|Any CPU
		{97E9C7F0-8C18-41E3-B6FA-C192E7D970B5}.Release|Any CPU.ActiveCfg = Release|Any CPU
		{97E9C7F0-8C18-41E3-B6FA-C192E7D970B5}.Release|Any CPU.Build.0 = Release|Any CPU
		{97E9C7F0-8C18-41E3-B6FA-C192E7D970B5}.Release|x64.ActiveCfg = Release|Any CPU
		{97E9C7F0-8C18-41E3-B6FA-C192E7D970B5}.Release|x64.Build.0 = Release|Any CPU
		{97E9C7F0-8C18-41E3-B6FA-C192E7D970B5}.Release|x86.ActiveCfg = Release|Any CPU
		{97E9C7F0-8C18-41E3-B6FA-C192E7D970B5}.Release|x86.Build.0 = Release|Any CPU
		{606C7348-873D-4234-87CC-B0000ED36E71}.Debug|Any CPU.ActiveCfg = Debug|Any CPU
		{606C7348-873D-4234-87CC-B0000ED36E71}.Debug|Any CPU.Build.0 = Debug|Any CPU
		{606C7348-873D-4234-87CC-B0000ED36E71}.Debug|x64.ActiveCfg = Debug|Any CPU
		{606C7348-873D-4234-87CC-B0000ED36E71}.Debug|x64.Build.0 = Debug|Any CPU
		{606C7348-873D-4234-87CC-B0000ED36E71}.Debug|x86.ActiveCfg = Debug|Any CPU
		{606C7348-873D-4234-87CC-B0000ED36E71}.Debug|x86.Build.0 = Debug|Any CPU
		{606C7348-873D-4234-87CC-B0000ED36E71}.Release|Any CPU.ActiveCfg = Release|Any CPU
		{606C7348-873D-4234-87CC-B0000ED36E71}.Release|Any CPU.Build.0 = Release|Any CPU
		{606C7348-873D-4234-87CC-B0000ED36E71}.Release|x64.ActiveCfg = Release|Any CPU
		{606C7348-873D-4234-87CC-B0000ED36E71}.Release|x64.Build.0 = Release|Any CPU
		{606C7348-873D-4234-87CC-B0000ED36E71}.Release|x86.ActiveCfg = Release|Any CPU
		{606C7348-873D-4234-87CC-B0000ED36E71}.Release|x86.Build.0 = Release|Any CPU
		{A29C826E-4E53-4FAD-9DA6-5D3F16E0C8DE}.Debug|Any CPU.ActiveCfg = Debug|Any CPU
		{A29C826E-4E53-4FAD-9DA6-5D3F16E0C8DE}.Debug|Any CPU.Build.0 = Debug|Any CPU
		{A29C826E-4E53-4FAD-9DA6-5D3F16E0C8DE}.Debug|x64.ActiveCfg = Debug|Any CPU
		{A29C826E-4E53-4FAD-9DA6-5D3F16E0C8DE}.Debug|x64.Build.0 = Debug|Any CPU
		{A29C826E-4E53-4FAD-9DA6-5D3F16E0C8DE}.Debug|x86.ActiveCfg = Debug|Any CPU
		{A29C826E-4E53-4FAD-9DA6-5D3F16E0C8DE}.Debug|x86.Build.0 = Debug|Any CPU
		{A29C826E-4E53-4FAD-9DA6-5D3F16E0C8DE}.Release|Any CPU.ActiveCfg = Release|Any CPU
		{A29C826E-4E53-4FAD-9DA6-5D3F16E0C8DE}.Release|Any CPU.Build.0 = Release|Any CPU
		{A29C826E-4E53-4FAD-9DA6-5D3F16E0C8DE}.Release|x64.ActiveCfg = Release|Any CPU
		{A29C826E-4E53-4FAD-9DA6-5D3F16E0C8DE}.Release|x64.Build.0 = Release|Any CPU
		{A29C826E-4E53-4FAD-9DA6-5D3F16E0C8DE}.Release|x86.ActiveCfg = Release|Any CPU
		{A29C826E-4E53-4FAD-9DA6-5D3F16E0C8DE}.Release|x86.Build.0 = Release|Any CPU
		{0842C075-928E-4D3F-B1AB-664E0583422F}.Debug|Any CPU.ActiveCfg = Debug|Any CPU
		{0842C075-928E-4D3F-B1AB-664E0583422F}.Debug|Any CPU.Build.0 = Debug|Any CPU
		{0842C075-928E-4D3F-B1AB-664E0583422F}.Debug|x64.ActiveCfg = Debug|Any CPU
		{0842C075-928E-4D3F-B1AB-664E0583422F}.Debug|x64.Build.0 = Debug|Any CPU
		{0842C075-928E-4D3F-B1AB-664E0583422F}.Debug|x86.ActiveCfg = Debug|Any CPU
		{0842C075-928E-4D3F-B1AB-664E0583422F}.Debug|x86.Build.0 = Debug|Any CPU
		{0842C075-928E-4D3F-B1AB-664E0583422F}.Release|Any CPU.ActiveCfg = Release|Any CPU
		{0842C075-928E-4D3F-B1AB-664E0583422F}.Release|Any CPU.Build.0 = Release|Any CPU
		{0842C075-928E-4D3F-B1AB-664E0583422F}.Release|x64.ActiveCfg = Release|Any CPU
		{0842C075-928E-4D3F-B1AB-664E0583422F}.Release|x64.Build.0 = Release|Any CPU
		{0842C075-928E-4D3F-B1AB-664E0583422F}.Release|x86.ActiveCfg = Release|Any CPU
		{0842C075-928E-4D3F-B1AB-664E0583422F}.Release|x86.Build.0 = Release|Any CPU
		{F81B98D0-2D53-48E6-9D0D-D0F37A2C2F1B}.Debug|Any CPU.ActiveCfg = Debug|Any CPU
		{F81B98D0-2D53-48E6-9D0D-D0F37A2C2F1B}.Debug|Any CPU.Build.0 = Debug|Any CPU
		{F81B98D0-2D53-48E6-9D0D-D0F37A2C2F1B}.Debug|x64.ActiveCfg = Debug|Any CPU
		{F81B98D0-2D53-48E6-9D0D-D0F37A2C2F1B}.Debug|x64.Build.0 = Debug|Any CPU
		{F81B98D0-2D53-48E6-9D0D-D0F37A2C2F1B}.Debug|x86.ActiveCfg = Debug|Any CPU
		{F81B98D0-2D53-48E6-9D0D-D0F37A2C2F1B}.Debug|x86.Build.0 = Debug|Any CPU
		{F81B98D0-2D53-48E6-9D0D-D0F37A2C2F1B}.Release|Any CPU.ActiveCfg = Release|Any CPU
		{F81B98D0-2D53-48E6-9D0D-D0F37A2C2F1B}.Release|Any CPU.Build.0 = Release|Any CPU
		{F81B98D0-2D53-48E6-9D0D-D0F37A2C2F1B}.Release|x64.ActiveCfg = Release|Any CPU
		{F81B98D0-2D53-48E6-9D0D-D0F37A2C2F1B}.Release|x64.Build.0 = Release|Any CPU
		{F81B98D0-2D53-48E6-9D0D-D0F37A2C2F1B}.Release|x86.ActiveCfg = Release|Any CPU
		{F81B98D0-2D53-48E6-9D0D-D0F37A2C2F1B}.Release|x86.Build.0 = Release|Any CPU
		{771B20C6-0F5F-4E0B-B271-0175998D9F5E}.Debug|Any CPU.ActiveCfg = Debug|Any CPU
		{771B20C6-0F5F-4E0B-B271-0175998D9F5E}.Debug|Any CPU.Build.0 = Debug|Any CPU
		{771B20C6-0F5F-4E0B-B271-0175998D9F5E}.Debug|x64.ActiveCfg = Debug|Any CPU
		{771B20C6-0F5F-4E0B-B271-0175998D9F5E}.Debug|x64.Build.0 = Debug|Any CPU
		{771B20C6-0F5F-4E0B-B271-0175998D9F5E}.Debug|x86.ActiveCfg = Debug|Any CPU
		{771B20C6-0F5F-4E0B-B271-0175998D9F5E}.Debug|x86.Build.0 = Debug|Any CPU
		{771B20C6-0F5F-4E0B-B271-0175998D9F5E}.Release|Any CPU.ActiveCfg = Release|Any CPU
		{771B20C6-0F5F-4E0B-B271-0175998D9F5E}.Release|Any CPU.Build.0 = Release|Any CPU
		{771B20C6-0F5F-4E0B-B271-0175998D9F5E}.Release|x64.ActiveCfg = Release|Any CPU
		{771B20C6-0F5F-4E0B-B271-0175998D9F5E}.Release|x64.Build.0 = Release|Any CPU
		{771B20C6-0F5F-4E0B-B271-0175998D9F5E}.Release|x86.ActiveCfg = Release|Any CPU
		{771B20C6-0F5F-4E0B-B271-0175998D9F5E}.Release|x86.Build.0 = Release|Any CPU
	EndGlobalSection
	GlobalSection(SolutionProperties) = preSolution
		HideSolutionNode = FALSE
	EndGlobalSection
	GlobalSection(NestedProjects) = preSolution
		{1D453CD7-DFF0-4064-8CC3-F9996780BC05} = {827E0CD3-B72D-47B6-A68D-7590B98EB39B}
		{9578A93A-F476-4C98-A2C2-50E519569F7E} = {827E0CD3-B72D-47B6-A68D-7590B98EB39B}
		{B93EFDF5-8239-45F0-BB6D-151D05ACD674} = {827E0CD3-B72D-47B6-A68D-7590B98EB39B}
		{B9066B28-CEAB-4101-8720-24A77693F9EC} = {827E0CD3-B72D-47B6-A68D-7590B98EB39B}
		{60F8CB71-410C-4D10-B935-18E1DEE3A580} = {0AB3BF05-4346-4AA6-1389-037BE0695223}
		{97E9C7F0-8C18-41E3-B6FA-C192E7D970B5} = {827E0CD3-B72D-47B6-A68D-7590B98EB39B}
		{606C7348-873D-4234-87CC-B0000ED36E71} = {827E0CD3-B72D-47B6-A68D-7590B98EB39B}
		{A29C826E-4E53-4FAD-9DA6-5D3F16E0C8DE} = {827E0CD3-B72D-47B6-A68D-7590B98EB39B}
		{0842C075-928E-4D3F-B1AB-664E0583422F} = {827E0CD3-B72D-47B6-A68D-7590B98EB39B}
		{F81B98D0-2D53-48E6-9D0D-D0F37A2C2F1B} = {827E0CD3-B72D-47B6-A68D-7590B98EB39B}
		{771B20C6-0F5F-4E0B-B271-0175998D9F5E} = {827E0CD3-B72D-47B6-A68D-7590B98EB39B}
	EndGlobalSection
EndGlobal
